
Microsoft Visual Studio Solution File, Format Version 11.00
# Visual Studio 2010
Project("{FAE04EC0-301F-11D3-BF4B-00C04F79EFBC}") = "Mergerism", "Mergerism\Mergerism.csproj", "{4EA54E2A-345C-4FAD-8389-B6FE17DE0659}"
EndProject
Global
	GlobalSection(SolutionConfigurationPlatforms) = preSolution
		Debug|Any CPU = Debug|Any CPU
		Release|Any CPU = Release|Any CPU
	EndGlobalSection
	GlobalSection(ProjectConfigurationPlatforms) = postSolution
		{4EA54E2A-345C-4FAD-8389-B6FE17DE0659}.Debug|Any CPU.ActiveCfg = Debug|Any CPU
		{4EA54E2A-345C-4FAD-8389-B6FE17DE0659}.Debug|Any CPU.Build.0 = Debug|Any CPU
		{4EA54E2A-345C-4FAD-8389-B6FE17DE0659}.Release|Any CPU.ActiveCfg = Release|Any CPU
		{4EA54E2A-345C-4FAD-8389-B6FE17DE0659}.Release|Any CPU.Build.0 = Release|Any CPU
	EndGlobalSection
	GlobalSection(SolutionProperties) = preSolution
		HideSolutionNode = FALSE
	EndGlobalSection
EndGlobal
